
Microsoft Visual Studio Solution File, Format Version 12.00
# Visual Studio 15
VisualStudioVersion = 15.0.28307.1082
MinimumVisualStudioVersion = 10.0.40219.1
Project("{FAE04EC0-301F-11D3-BF4B-00C04F79EFBC}") = "Processes", "Processes\Processes.csproj", "{A219C4FC-92BF-4210-9F65-B6F0693C4F55}"
EndProject
Project("{FAE04EC0-301F-11D3-BF4B-00C04F79EFBC}") = "InterprocessCommunication", "InterprocessCommunication\InterprocessCommunication.csproj", "{A5568AB0-0AE3-42C4-83FA-AAA108628A16}"
EndProject
Global
	GlobalSection(SolutionConfigurationPlatforms) = preSolution
		Debug|Any CPU = Debug|Any CPU
		Release|Any CPU = Release|Any CPU
	EndGlobalSection
	GlobalSection(ProjectConfigurationPlatforms) = postSolution
		{A219C4FC-92BF-4210-9F65-B6F0693C4F55}.Debug|Any CPU.ActiveCfg = Debug|Any CPU
		{A219C4FC-92BF-4210-9F65-B6F0693C4F55}.Debug|Any CPU.Build.0 = Debug|Any CPU
		{A219C4FC-92BF-4210-9F65-B6F0693C4F55}.Release|Any CPU.ActiveCfg = Release|Any CPU
		{A219C4FC-92BF-4210-9F65-B6F0693C4F55}.Release|Any CPU.Build.0 = Release|Any CPU
		{A5568AB0-0AE3-42C4-83FA-AAA108628A16}.Debug|Any CPU.ActiveCfg = Debug|Any CPU
		{A5568AB0-0AE3-42C4-83FA-AAA108628A16}.Debug|Any CPU.Build.0 = Debug|Any CPU
		{A5568AB0-0AE3-42C4-83FA-AAA108628A16}.Release|Any CPU.ActiveCfg = Release|Any CPU
		{A5568AB0-0AE3-42C4-83FA-AAA108628A16}.Release|Any CPU.Build.0 = Release|Any CPU
	EndGlobalSection
	GlobalSection(SolutionProperties) = preSolution
		HideSolutionNode = FALSE
	EndGlobalSection
	GlobalSection(ExtensibilityGlobals) = postSolution
		SolutionGuid = {E9261E1D-195D-4735-95FF-313556A67E7C}
	EndGlobalSection
EndGlobal
