
Microsoft Visual Studio Solution File, Format Version 12.00
# Visual Studio 15
VisualStudioVersion = 15.0.28307.1082
MinimumVisualStudioVersion = 10.0.40219.1
Project("{FAE04EC0-301F-11D3-BF4B-00C04F79EFBC}") = "AppDomainDynamicUnload", "AppDomainDynamicUnload\AppDomainDynamicUnload.csproj", "{5AD7B9F4-9094-48C8-A26B-D602A0543675}"
EndProject
Project("{FAE04EC0-301F-11D3-BF4B-00C04F79EFBC}") = "SampleLibrary", "SampleLibrary\SampleLibrary.csproj", "{80FDF066-8668-45B9-87BD-C4EC1A39902B}"
EndProject
Project("{FAE04EC0-301F-11D3-BF4B-00C04F79EFBC}") = "UsingAppDomains", "UsingAppDomains\UsingAppDomains.csproj", "{B397F032-A3BE-4ADB-955C-FC3CDD0795B0}"
EndProject
Project("{FAE04EC0-301F-11D3-BF4B-00C04F79EFBC}") = "TextWindow", "TextWindow\TextWindow.csproj", "{4FD2A5E0-F9B4-4525-8B4A-D54CD3B65816}"
EndProject
Project("{FAE04EC0-301F-11D3-BF4B-00C04F79EFBC}") = "TextDrawer", "TextDrawer\TextDrawer.csproj", "{6A82E001-B443-4224-B6A1-9C83A40ACD9E}"
EndProject
Global
	GlobalSection(SolutionConfigurationPlatforms) = preSolution
		Debug|Any CPU = Debug|Any CPU
		Release|Any CPU = Release|Any CPU
	EndGlobalSection
	GlobalSection(ProjectConfigurationPlatforms) = postSolution
		{5AD7B9F4-9094-48C8-A26B-D602A0543675}.Debug|Any CPU.ActiveCfg = Debug|Any CPU
		{5AD7B9F4-9094-48C8-A26B-D602A0543675}.Debug|Any CPU.Build.0 = Debug|Any CPU
		{5AD7B9F4-9094-48C8-A26B-D602A0543675}.Release|Any CPU.ActiveCfg = Release|Any CPU
		{5AD7B9F4-9094-48C8-A26B-D602A0543675}.Release|Any CPU.Build.0 = Release|Any CPU
		{80FDF066-8668-45B9-87BD-C4EC1A39902B}.Debug|Any CPU.ActiveCfg = Debug|Any CPU
		{80FDF066-8668-45B9-87BD-C4EC1A39902B}.Debug|Any CPU.Build.0 = Debug|Any CPU
		{80FDF066-8668-45B9-87BD-C4EC1A39902B}.Release|Any CPU.ActiveCfg = Release|Any CPU
		{80FDF066-8668-45B9-87BD-C4EC1A39902B}.Release|Any CPU.Build.0 = Release|Any CPU
		{B397F032-A3BE-4ADB-955C-FC3CDD0795B0}.Debug|Any CPU.ActiveCfg = Debug|Any CPU
		{B397F032-A3BE-4ADB-955C-FC3CDD0795B0}.Debug|Any CPU.Build.0 = Debug|Any CPU
		{B397F032-A3BE-4ADB-955C-FC3CDD0795B0}.Release|Any CPU.ActiveCfg = Release|Any CPU
		{B397F032-A3BE-4ADB-955C-FC3CDD0795B0}.Release|Any CPU.Build.0 = Release|Any CPU
		{4FD2A5E0-F9B4-4525-8B4A-D54CD3B65816}.Debug|Any CPU.ActiveCfg = Debug|Any CPU
		{4FD2A5E0-F9B4-4525-8B4A-D54CD3B65816}.Debug|Any CPU.Build.0 = Debug|Any CPU
		{4FD2A5E0-F9B4-4525-8B4A-D54CD3B65816}.Release|Any CPU.ActiveCfg = Release|Any CPU
		{4FD2A5E0-F9B4-4525-8B4A-D54CD3B65816}.Release|Any CPU.Build.0 = Release|Any CPU
		{6A82E001-B443-4224-B6A1-9C83A40ACD9E}.Debug|Any CPU.ActiveCfg = Debug|Any CPU
		{6A82E001-B443-4224-B6A1-9C83A40ACD9E}.Debug|Any CPU.Build.0 = Debug|Any CPU
		{6A82E001-B443-4224-B6A1-9C83A40ACD9E}.Release|Any CPU.ActiveCfg = Release|Any CPU
		{6A82E001-B443-4224-B6A1-9C83A40ACD9E}.Release|Any CPU.Build.0 = Release|Any CPU
	EndGlobalSection
	GlobalSection(SolutionProperties) = preSolution
		HideSolutionNode = FALSE
	EndGlobalSection
	GlobalSection(ExtensibilityGlobals) = postSolution
		SolutionGuid = {D5F3B025-4EC6-490C-A6D9-AFEF8A26B221}
	EndGlobalSection
EndGlobal
